
Microsoft Visual Studio Solution File, Format Version 12.00
# Visual Studio Version 17
VisualStudioVersion = 17.0.31903.59
MinimumVisualStudioVersion = 10.0.40219.1
Project("{2150E333-8FDC-42A3-9474-1A3956D46DE8}") = "src", "src", "{E7FE6ABC-764E-4D0E-87C3-9112483D37C8}"
EndProject
Project("{FAE04EC0-301F-11D3-BF4B-00C04F79EFBC}") = "KeycloakTest", "src\KeycloakTest\KeycloakTest.csproj", "{1A216081-A927-4C50-9104-2C007A921CA0}"
EndProject
Global
	GlobalSection(SolutionConfigurationPlatforms) = preSolution
		Debug|Any CPU = Debug|Any CPU
		Release|Any CPU = Release|Any CPU
	EndGlobalSection
	GlobalSection(SolutionProperties) = preSolution
		HideSolutionNode = FALSE
	EndGlobalSection
	GlobalSection(ProjectConfigurationPlatforms) = postSolution
		{1A216081-A927-4C50-9104-2C007A921CA0}.Debug|Any CPU.ActiveCfg = Debug|Any CPU
		{1A216081-A927-4C50-9104-2C007A921CA0}.Debug|Any CPU.Build.0 = Debug|Any CPU
		{1A216081-A927-4C50-9104-2C007A921CA0}.Release|Any CPU.ActiveCfg = Release|Any CPU
		{1A216081-A927-4C50-9104-2C007A921CA0}.Release|Any CPU.Build.0 = Release|Any CPU
	EndGlobalSection
	GlobalSection(NestedProjects) = preSolution
		{1A216081-A927-4C50-9104-2C007A921CA0} = {E7FE6ABC-764E-4D0E-87C3-9112483D37C8}
	EndGlobalSection
EndGlobal
